
Microsoft Visual Studio Solution File, Format Version 12.00
# Visual Studio Version 16
VisualStudioVersion = 16.0.29609.76
MinimumVisualStudioVersion = 10.0.40219.1
Project("{2150E333-8FDC-42A3-9474-1A3956D46DE8}") = "src", "src", "{D97CF6DF-DD9E-469D-BA72-1350227FA43B}"
EndProject
Project("{2150E333-8FDC-42A3-9474-1A3956D46DE8}") = "test", "test", "{AC4B8669-E63F-4B9F-B9B0-DE095CB25D0C}"
EndProject
Project("{2150E333-8FDC-42A3-9474-1A3956D46DE8}") = "Solution Items", "Solution Items", "{B41B9756-CCB3-4327-9BAD-465FDE75FB88}"
	ProjectSection(SolutionItems) = preProject
		readme.md = readme.md
	EndProjectSection
EndProject
Project("{9A19103F-16F7-4668-BE54-9A1E7A4F7556}") = "Wjire.RPC.Client", "Wjire.RPC.Client\Wjire.RPC.Client.csproj", "{4B614302-45EA-4D21-BCB4-76013E7988F4}"
EndProject
Project("{9A19103F-16F7-4668-BE54-9A1E7A4F7556}") = "Wjire.RPC.Server", "Wjire.RPC.Server\Wjire.RPC.Server.csproj", "{9C2A0CC8-AB9A-47A0-A80A-E279B047378B}"
EndProject
Project("{9A19103F-16F7-4668-BE54-9A1E7A4F7556}") = "Client", "..\test\Client\Client.csproj", "{B3291B84-28CD-4AB9-A8A3-A9A1EBF21E26}"
EndProject
Project("{9A19103F-16F7-4668-BE54-9A1E7A4F7556}") = "IServices", "..\test\IServices\IServices.csproj", "{D5529F82-1574-4685-9F13-040F849F1E21}"
EndProject
Project("{9A19103F-16F7-4668-BE54-9A1E7A4F7556}") = "Server", "..\test\Server\Server.csproj", "{1F26BDE0-EFED-4778-BD72-8F4C168FB141}"
EndProject
Project("{9A19103F-16F7-4668-BE54-9A1E7A4F7556}") = "Services", "..\test\Services\Services.csproj", "{5192AB34-AF29-4925-BF7A-E146683F3E0F}"
EndProject
Project("{FAE04EC0-301F-11D3-BF4B-00C04F79EFBC}") = "Wjire.RPC.Common", "Wjire.RPC.Common\Wjire.RPC.Common.csproj", "{5C8BE9F6-33EE-4277-B97B-A8231F4D8308}"
EndProject
Global
	GlobalSection(SolutionConfigurationPlatforms) = preSolution
		Debug|Any CPU = Debug|Any CPU
		Release|Any CPU = Release|Any CPU
	EndGlobalSection
	GlobalSection(ProjectConfigurationPlatforms) = postSolution
		{4B614302-45EA-4D21-BCB4-76013E7988F4}.Debug|Any CPU.ActiveCfg = Debug|Any CPU
		{4B614302-45EA-4D21-BCB4-76013E7988F4}.Debug|Any CPU.Build.0 = Debug|Any CPU
		{4B614302-45EA-4D21-BCB4-76013E7988F4}.Release|Any CPU.ActiveCfg = Release|Any CPU
		{4B614302-45EA-4D21-BCB4-76013E7988F4}.Release|Any CPU.Build.0 = Release|Any CPU
		{9C2A0CC8-AB9A-47A0-A80A-E279B047378B}.Debug|Any CPU.ActiveCfg = Debug|Any CPU
		{9C2A0CC8-AB9A-47A0-A80A-E279B047378B}.Debug|Any CPU.Build.0 = Debug|Any CPU
		{9C2A0CC8-AB9A-47A0-A80A-E279B047378B}.Release|Any CPU.ActiveCfg = Release|Any CPU
		{9C2A0CC8-AB9A-47A0-A80A-E279B047378B}.Release|Any CPU.Build.0 = Release|Any CPU
		{B3291B84-28CD-4AB9-A8A3-A9A1EBF21E26}.Debug|Any CPU.ActiveCfg = Debug|Any CPU
		{B3291B84-28CD-4AB9-A8A3-A9A1EBF21E26}.Debug|Any CPU.Build.0 = Debug|Any CPU
		{B3291B84-28CD-4AB9-A8A3-A9A1EBF21E26}.Release|Any CPU.ActiveCfg = Release|Any CPU
		{B3291B84-28CD-4AB9-A8A3-A9A1EBF21E26}.Release|Any CPU.Build.0 = Release|Any CPU
		{D5529F82-1574-4685-9F13-040F849F1E21}.Debug|Any CPU.ActiveCfg = Debug|Any CPU
		{D5529F82-1574-4685-9F13-040F849F1E21}.Debug|Any CPU.Build.0 = Debug|Any CPU
		{D5529F82-1574-4685-9F13-040F849F1E21}.Release|Any CPU.ActiveCfg = Release|Any CPU
		{D5529F82-1574-4685-9F13-040F849F1E21}.Release|Any CPU.Build.0 = Release|Any CPU
		{1F26BDE0-EFED-4778-BD72-8F4C168FB141}.Debug|Any CPU.ActiveCfg = Debug|Any CPU
		{1F26BDE0-EFED-4778-BD72-8F4C168FB141}.Debug|Any CPU.Build.0 = Debug|Any CPU
		{1F26BDE0-EFED-4778-BD72-8F4C168FB141}.Release|Any CPU.ActiveCfg = Release|Any CPU
		{1F26BDE0-EFED-4778-BD72-8F4C168FB141}.Release|Any CPU.Build.0 = Release|Any CPU
		{5192AB34-AF29-4925-BF7A-E146683F3E0F}.Debug|Any CPU.ActiveCfg = Debug|Any CPU
		{5192AB34-AF29-4925-BF7A-E146683F3E0F}.Debug|Any CPU.Build.0 = Debug|Any CPU
		{5192AB34-AF29-4925-BF7A-E146683F3E0F}.Release|Any CPU.ActiveCfg = Release|Any CPU
		{5192AB34-AF29-4925-BF7A-E146683F3E0F}.Release|Any CPU.Build.0 = Release|Any CPU
		{5C8BE9F6-33EE-4277-B97B-A8231F4D8308}.Debug|Any CPU.ActiveCfg = Debug|Any CPU
		{5C8BE9F6-33EE-4277-B97B-A8231F4D8308}.Debug|Any CPU.Build.0 = Debug|Any CPU
		{5C8BE9F6-33EE-4277-B97B-A8231F4D8308}.Release|Any CPU.ActiveCfg = Release|Any CPU
		{5C8BE9F6-33EE-4277-B97B-A8231F4D8308}.Release|Any CPU.Build.0 = Release|Any CPU
	EndGlobalSection
	GlobalSection(SolutionProperties) = preSolution
		HideSolutionNode = FALSE
	EndGlobalSection
	GlobalSection(NestedProjects) = preSolution
		{4B614302-45EA-4D21-BCB4-76013E7988F4} = {D97CF6DF-DD9E-469D-BA72-1350227FA43B}
		{9C2A0CC8-AB9A-47A0-A80A-E279B047378B} = {D97CF6DF-DD9E-469D-BA72-1350227FA43B}
		{B3291B84-28CD-4AB9-A8A3-A9A1EBF21E26} = {AC4B8669-E63F-4B9F-B9B0-DE095CB25D0C}
		{D5529F82-1574-4685-9F13-040F849F1E21} = {AC4B8669-E63F-4B9F-B9B0-DE095CB25D0C}
		{1F26BDE0-EFED-4778-BD72-8F4C168FB141} = {AC4B8669-E63F-4B9F-B9B0-DE095CB25D0C}
		{5192AB34-AF29-4925-BF7A-E146683F3E0F} = {AC4B8669-E63F-4B9F-B9B0-DE095CB25D0C}
		{5C8BE9F6-33EE-4277-B97B-A8231F4D8308} = {D97CF6DF-DD9E-469D-BA72-1350227FA43B}
	EndGlobalSection
	GlobalSection(ExtensibilityGlobals) = postSolution
		SolutionGuid = {0C5C9952-93D3-497A-9FE1-997A0A2C3C90}
	EndGlobalSection
EndGlobal
