
Microsoft Visual Studio Solution File, Format Version 12.00
# Visual Studio Version 16
VisualStudioVersion = 16.0.29609.76
MinimumVisualStudioVersion = 10.0.40219.1
Project("{9A19103F-16F7-4668-BE54-9A1E7A4F7556}") = "Services", "Services\Services.csproj", "{7622E23C-5162-4B29-9917-B408A881C9BC}"
EndProject
Project("{9A19103F-16F7-4668-BE54-9A1E7A4F7556}") = "IServices", "IServices\IServices.csproj", "{FDBF5003-892D-4E1F-B725-732E13DE2D8B}"
EndProject
Project("{9A19103F-16F7-4668-BE54-9A1E7A4F7556}") = "Client", "Client\Client.csproj", "{ED6327C4-FEC8-45CA-A7E6-0AC71F8339CE}"
EndProject
Project("{2150E333-8FDC-42A3-9474-1A3956D46DE8}") = "src", "src", "{D97CF6DF-DD9E-469D-BA72-1350227FA43B}"
EndProject
Project("{2150E333-8FDC-42A3-9474-1A3956D46DE8}") = "test", "test", "{AC4B8669-E63F-4B9F-B9B0-DE095CB25D0C}"
EndProject
Project("{9A19103F-16F7-4668-BE54-9A1E7A4F7556}") = "Server", "Server\Server.csproj", "{7FCA6A49-5248-400D-8E44-F40C48F805C0}"
EndProject
Project("{9A19103F-16F7-4668-BE54-9A1E7A4F7556}") = "Wjire.RPC.DotNetty", "Wjire.RPC.DotNetty\Wjire.RPC.DotNetty.csproj", "{E5353702-4255-4A21-83A9-4E6EF86D8D48}"
EndProject
Project("{9A19103F-16F7-4668-BE54-9A1E7A4F7556}") = "Client_WebApi", "Client_WebApi\Client_WebApi.csproj", "{51D46C12-D057-44A1-8B11-3CB40FE20D17}"
EndProject
Project("{2150E333-8FDC-42A3-9474-1A3956D46DE8}") = "Solution Items", "Solution Items", "{B41B9756-CCB3-4327-9BAD-465FDE75FB88}"
	ProjectSection(SolutionItems) = preProject
		readme.md = readme.md
	EndProjectSection
EndProject
Global
	GlobalSection(SolutionConfigurationPlatforms) = preSolution
		Debug|Any CPU = Debug|Any CPU
		Release|Any CPU = Release|Any CPU
	EndGlobalSection
	GlobalSection(ProjectConfigurationPlatforms) = postSolution
		{7622E23C-5162-4B29-9917-B408A881C9BC}.Debug|Any CPU.ActiveCfg = Debug|Any CPU
		{7622E23C-5162-4B29-9917-B408A881C9BC}.Debug|Any CPU.Build.0 = Debug|Any CPU
		{7622E23C-5162-4B29-9917-B408A881C9BC}.Release|Any CPU.ActiveCfg = Release|Any CPU
		{7622E23C-5162-4B29-9917-B408A881C9BC}.Release|Any CPU.Build.0 = Release|Any CPU
		{FDBF5003-892D-4E1F-B725-732E13DE2D8B}.Debug|Any CPU.ActiveCfg = Debug|Any CPU
		{FDBF5003-892D-4E1F-B725-732E13DE2D8B}.Debug|Any CPU.Build.0 = Debug|Any CPU
		{FDBF5003-892D-4E1F-B725-732E13DE2D8B}.Release|Any CPU.ActiveCfg = Release|Any CPU
		{FDBF5003-892D-4E1F-B725-732E13DE2D8B}.Release|Any CPU.Build.0 = Release|Any CPU
		{ED6327C4-FEC8-45CA-A7E6-0AC71F8339CE}.Debug|Any CPU.ActiveCfg = Debug|Any CPU
		{ED6327C4-FEC8-45CA-A7E6-0AC71F8339CE}.Debug|Any CPU.Build.0 = Debug|Any CPU
		{ED6327C4-FEC8-45CA-A7E6-0AC71F8339CE}.Release|Any CPU.ActiveCfg = Release|Any CPU
		{ED6327C4-FEC8-45CA-A7E6-0AC71F8339CE}.Release|Any CPU.Build.0 = Release|Any CPU
		{7FCA6A49-5248-400D-8E44-F40C48F805C0}.Debug|Any CPU.ActiveCfg = Debug|Any CPU
		{7FCA6A49-5248-400D-8E44-F40C48F805C0}.Debug|Any CPU.Build.0 = Debug|Any CPU
		{7FCA6A49-5248-400D-8E44-F40C48F805C0}.Release|Any CPU.ActiveCfg = Release|Any CPU
		{7FCA6A49-5248-400D-8E44-F40C48F805C0}.Release|Any CPU.Build.0 = Release|Any CPU
		{E5353702-4255-4A21-83A9-4E6EF86D8D48}.Debug|Any CPU.ActiveCfg = Debug|Any CPU
		{E5353702-4255-4A21-83A9-4E6EF86D8D48}.Debug|Any CPU.Build.0 = Debug|Any CPU
		{E5353702-4255-4A21-83A9-4E6EF86D8D48}.Release|Any CPU.ActiveCfg = Release|Any CPU
		{E5353702-4255-4A21-83A9-4E6EF86D8D48}.Release|Any CPU.Build.0 = Release|Any CPU
		{51D46C12-D057-44A1-8B11-3CB40FE20D17}.Debug|Any CPU.ActiveCfg = Debug|Any CPU
		{51D46C12-D057-44A1-8B11-3CB40FE20D17}.Debug|Any CPU.Build.0 = Debug|Any CPU
		{51D46C12-D057-44A1-8B11-3CB40FE20D17}.Release|Any CPU.ActiveCfg = Release|Any CPU
		{51D46C12-D057-44A1-8B11-3CB40FE20D17}.Release|Any CPU.Build.0 = Release|Any CPU
	EndGlobalSection
	GlobalSection(SolutionProperties) = preSolution
		HideSolutionNode = FALSE
	EndGlobalSection
	GlobalSection(NestedProjects) = preSolution
		{7622E23C-5162-4B29-9917-B408A881C9BC} = {AC4B8669-E63F-4B9F-B9B0-DE095CB25D0C}
		{FDBF5003-892D-4E1F-B725-732E13DE2D8B} = {AC4B8669-E63F-4B9F-B9B0-DE095CB25D0C}
		{ED6327C4-FEC8-45CA-A7E6-0AC71F8339CE} = {AC4B8669-E63F-4B9F-B9B0-DE095CB25D0C}
		{7FCA6A49-5248-400D-8E44-F40C48F805C0} = {AC4B8669-E63F-4B9F-B9B0-DE095CB25D0C}
		{E5353702-4255-4A21-83A9-4E6EF86D8D48} = {D97CF6DF-DD9E-469D-BA72-1350227FA43B}
		{51D46C12-D057-44A1-8B11-3CB40FE20D17} = {AC4B8669-E63F-4B9F-B9B0-DE095CB25D0C}
	EndGlobalSection
	GlobalSection(ExtensibilityGlobals) = postSolution
		SolutionGuid = {0C5C9952-93D3-497A-9FE1-997A0A2C3C90}
	EndGlobalSection
EndGlobal
